PODS:
  - ChameleonFramework/Default (2.1.0)
  - ChameleonFramework/Swift (2.1.0):
    - ChameleonFramework/Default
  - DropDown (2)
  - Firebase/Core (4.0.0):
    - FirebaseAnalytics (= 4.0.0)
    - FirebaseCore (= 4.0.0)
  - Firebase/Database (4.0.0):
    - Firebase/Core
    - FirebaseDatabase (= 4.0.0)
  - Firebase/Storage (4.0.0):
    - Firebase/Core
    - FirebaseStorage (= 2.0.0)
  - FirebaseAnalytics (4.0.0):
    - FirebaseCore (~> 4.0)
    - FirebaseInstanceID (~> 2.0)
    - GoogleToolboxForMac/NSData+zlib (~> 2.1)
  - FirebaseCore (4.0.0):
    - GoogleToolboxForMac/NSData+zlib (~> 2.1)
  - FirebaseDatabase (4.0.0):
    - FirebaseAnalytics (~> 4.0)
  - FirebaseInstanceID (2.0.0):
    - FirebaseCore (~> 4.0)
  - FirebaseStorage (2.0.0):
    - FirebaseAnalytics (~> 4.0)
    - FirebaseCore (~> 4.0)
    - GTMSessionFetcher/Core (~> 1.1)
  - Floaty (3.0.0)
  - FontAwesome.swift (1.2.0)
  - GoogleToolboxForMac/Defines (2.1.1)
  - GoogleToolboxForMac/NSData+zlib (2.1.1):
    - GoogleToolboxForMac/Defines (= 2.1.1)
  - GTMSessionFetcher/Core (1.1.10)
  - Toast-Swift (2.0.0)

DEPENDENCIES:
  - ChameleonFramework/Swift (from `https://github.com/ViccAlexander/Chameleon.git`)
  - DropDown (~> 2)
  - Firebase/Core
  - Firebase/Database
  - Firebase/Storage
  - Floaty (~> 3.0.0)
  - FontAwesome.swift
  - Toast-Swift (~> 2.0.0)

EXTERNAL SOURCES:
  ChameleonFramework:
    :git: https://github.com/ViccAlexander/Chameleon.git

CHECKOUT OPTIONS:
  ChameleonFramework:
    :commit: acc480fbe023c6e5fe40f68593f4a70a8c4c7ad5
    :git: https://github.com/ViccAlexander/Chameleon.git

SPEC CHECKSUMS:
  ChameleonFramework: d21a3cc247abfe5e37609a283a8238b03575cf64
  DropDown: 744784d9c9aa505100e942c16acd05430cbb2f0a
  Firebase: 284eea779b73fdff309791817da7c68bff8dd572
  FirebaseAnalytics: 6f08e746f7d66f5452931bc2e822b5df9c66b64a
  FirebaseCore: 85ad466044c2f013cdb167f85d426d15b128114a
  FirebaseDatabase: d829b3a8c3e2ac7a16773c5df226966b0805dfc2
  FirebaseInstanceID: 9fbf536668f4d3f0880e7438456dabd1376e294b
  FirebaseStorage: 8110a1ed2034c8fbfd83890d2acc9cdbbd99afec
  Floaty: d1be5d323094f0de422bb615452d00ba26ac74dd
  FontAwesome.swift: 60063e3f19ba4801155d4b0f2334ab7585763ab3
  GoogleToolboxForMac: 8e329f1b599f2512c6b10676d45736bcc2cbbeb0
  GTMSessionFetcher: 30d874b96d0d76028f61fbd122801e3f030d47db
  Toast-Swift: 5b2f8f720f7e78e48511f693df1f9c9a6e38a25a

PODFILE CHECKSUM: 68d96fe5c191c1a3ac64271577a484021d74655f

COCOAPODS: 1.2.1
