// !$*UTF8*$!
{
	archiveVersion = 1;
	classes = {
	};
	objectVersion = 46;
	objects = {

/* Begin PBXBuildFile section */
		934094221ECE50CF00B06C9E /* ChoresViewController.swift in Sources */ = {isa = PBXBuildFile; fileRef = 934094211ECE50CF00B06C9E /* ChoresViewController.swift */; };
		934094241ECE50E400B06C9E /* BillsViewController.swift in Sources */ = {isa = PBXBuildFile; fileRef = 934094231ECE50E400B06C9E /* BillsViewController.swift */; };
		934094261ECE50FE00B06C9E /* RoommateViewController.swift in Sources */ = {isa = PBXBuildFile; fileRef = 934094251ECE50FE00B06C9E /* RoommateViewController.swift */; };
		934094281ECE511800B06C9E /* GroceriesViewController.swift in Sources */ = {isa = PBXBuildFile; fileRef = 934094271ECE511800B06C9E /* GroceriesViewController.swift */; };
		9340942A1ECE512B00B06C9E /* ProfileViewController.swift in Sources */ = {isa = PBXBuildFile; fileRef = 934094291ECE512B00B06C9E /* ProfileViewController.swift */; };
		93ACF7F81ECD8B620093432E /* AppDelegate.swift in Sources */ = {isa = PBXBuildFile; fileRef = 93ACF7F71ECD8B620093432E /* AppDelegate.swift */; };
		93ACF7FA1ECD8B630093432E /* LoginViewController.swift in Sources */ = {isa = PBXBuildFile; fileRef = 93ACF7F91ECD8B630093432E /* LoginViewController.swift */; };
		93ACF7FD1ECD8B630093432E /* Main.storyboard in Resources */ = {isa = PBXBuildFile; fileRef = 93ACF7FB1ECD8B630093432E /* Main.storyboard */; };
		93ACF7FF1ECD8B630093432E /* Assets.xcassets in Resources */ = {isa = PBXBuildFile; fileRef = 93ACF7FE1ECD8B630093432E /* Assets.xcassets */; };
		93ACF8021ECD8B630093432E /* LaunchScreen.storyboard in Resources */ = {isa = PBXBuildFile; fileRef = 93ACF8001ECD8B630093432E /* LaunchScreen.storyboard */; };
		93ACF80D1ECD8B630093432E /* RoomieTests.swift in Sources */ = {isa = PBXBuildFile; fileRef = 93ACF80C1ECD8B630093432E /* RoomieTests.swift */; };
		93ACF8181ECD8B630093432E /* RoomieUITests.swift in Sources */ = {isa = PBXBuildFile; fileRef = 93ACF8171ECD8B630093432E /* RoomieUITests.swift */; };
		93ACF8261ECD8C610093432E /* HomeViewController.swift in Sources */ = {isa = PBXBuildFile; fileRef = 93ACF8251ECD8C610093432E /* HomeViewController.swift */; };
/* End PBXBuildFile section */

/* Begin PBXContainerItemProxy section */
		93ACF8091ECD8B630093432E /* PBXContainerItemProxy */ = {
			isa = PBXContainerItemProxy;
			containerPortal = 93ACF7EC1ECD8B620093432E /* Project object */;
			proxyType = 1;
			remoteGlobalIDString = 93ACF7F31ECD8B620093432E;
			remoteInfo = Roomie;
		};
		93ACF8141ECD8B630093432E /* PBXContainerItemProxy */ = {
			isa = PBXContainerItemProxy;
			containerPortal = 93ACF7EC1ECD8B620093432E /* Project object */;
			proxyType = 1;
			remoteGlobalIDString = 93ACF7F31ECD8B620093432E;
			remoteInfo = Roomie;
		};
/* End PBXContainerItemProxy section */

/* Begin PBXFileReference section */
		934094211ECE50CF00B06C9E /* ChoresViewController.swift */ = {isa = PBXFileReference; fileEncoding = 4; lastKnownFileType = sourcecode.swift; path = ChoresViewController.swift; sourceTree = "<group>"; };
		934094231ECE50E400B06C9E /* BillsViewController.swift */ = {isa = PBXFileReference; fileEncoding = 4; lastKnownFileType = sourcecode.swift; path = BillsViewController.swift; sourceTree = "<group>"; };
		934094251ECE50FE00B06C9E /* RoommateViewController.swift */ = {isa = PBXFileReference; fileEncoding = 4; lastKnownFileType = sourcecode.swift; path = RoommateViewController.swift; sourceTree = "<group>"; };
		934094271ECE511800B06C9E /* GroceriesViewController.swift */ = {isa = PBXFileReference; fileEncoding = 4; lastKnownFileType = sourcecode.swift; path = GroceriesViewController.swift; sourceTree = "<group>"; };
		934094291ECE512B00B06C9E /* ProfileViewController.swift */ = {isa = PBXFileReference; fileEncoding = 4; lastKnownFileType = sourcecode.swift; path = ProfileViewController.swift; sourceTree = "<group>"; };
		93ACF7F41ECD8B620093432E /* Roomie.app */ = {isa = PBXFileReference; explicitFileType = wrapper.application; includeInIndex = 0; path = Roomie.app; sourceTree = BUILT_PRODUCTS_DIR; };
		93ACF7F71ECD8B620093432E /* AppDelegate.swift */ = {isa = PBXFileReference; lastKnownFileType = sourcecode.swift; path = AppDelegate.swift; sourceTree = "<group>"; };
		93ACF7F91ECD8B630093432E /* LoginViewController.swift */ = {isa = PBXFileReference; lastKnownFileType = sourcecode.swift; path = LoginViewController.swift; sourceTree = "<group>"; };
		93ACF7FC1ECD8B630093432E /* Base */ = {isa = PBXFileReference; lastKnownFileType = file.storyboard; name = Base; path = Base.lproj/Main.storyboard; sourceTree = "<group>"; };
		93ACF7FE1ECD8B630093432E /* Assets.xcassets */ = {isa = PBXFileReference; lastKnownFileType = folder.assetcatalog; path = Assets.xcassets; sourceTree = "<group>"; };
		93ACF8011ECD8B630093432E /* Base */ = {isa = PBXFileReference; lastKnownFileType = file.storyboard; name = Base; path = Base.lproj/LaunchScreen.storyboard; sourceTree = "<group>"; };
		93ACF8031ECD8B630093432E /* Info.plist */ = {isa = PBXFileReference; lastKnownFileType = text.plist.xml; path = Info.plist; sourceTree = "<group>"; };
		93ACF8081ECD8B630093432E /* RoomieTests.xctest */ = {isa = PBXFileReference; explicitFileType = wrapper.cfbundle; includeInIndex = 0; path = RoomieTests.xctest; sourceTree = BUILT_PRODUCTS_DIR; };
		93ACF80C1ECD8B630093432E /* RoomieTests.swift */ = {isa = PBXFileReference; lastKnownFileType = sourcecode.swift; path = RoomieTests.swift; sourceTree = "<group>"; };
		93ACF80E1ECD8B630093432E /* Info.plist */ = {isa = PBXFileReference; lastKnownFileType = text.plist.xml; path = Info.plist; sourceTree = "<group>"; };
		93ACF8131ECD8B630093432E /* RoomieUITests.xctest */ = {isa = PBXFileReference; explicitFileType = wrapper.cfbundle; includeInIndex = 0; path = RoomieUITests.xctest; sourceTree = BUILT_PRODUCTS_DIR; };
		93ACF8171ECD8B630093432E /* RoomieUITests.swift */ = {isa = PBXFileReference; lastKnownFileType = sourcecode.swift; path = RoomieUITests.swift; sourceTree = "<group>"; };
		93ACF8191ECD8B630093432E /* Info.plist */ = {isa = PBXFileReference; lastKnownFileType = text.plist.xml; path = Info.plist; sourceTree = "<group>"; };
		93ACF8251ECD8C610093432E /* HomeViewController.swift */ = {isa = PBXFileReference; fileEncoding = 4; lastKnownFileType = sourcecode.swift; path = HomeViewController.swift; sourceTree = "<group>"; };
/* End PBXFileReference section */

/* Begin PBXFrameworksBuildPhase section */
		93ACF7F11ECD8B620093432E /* Frameworks */ = {
			isa = PBXFrameworksBuildPhase;
			buildActionMask = 2147483647;
			files = (
			);
			runOnlyForDeploymentPostprocessing = 0;
		};
		93ACF8051ECD8B630093432E /* Frameworks */ = {
			isa = PBXFrameworksBuildPhase;
			buildActionMask = 2147483647;
			files = (
			);
			runOnlyForDeploymentPostprocessing = 0;
		};
		93ACF8101ECD8B630093432E /* Frameworks */ = {
			isa = PBXFrameworksBuildPhase;
			buildActionMask = 2147483647;
			files = (
			);
			runOnlyForDeploymentPostprocessing = 0;
		};
/* End PBXFrameworksBuildPhase section */

/* Begin PBXGroup section */
		93ACF7EB1ECD8B620093432E = {
			isa = PBXGroup;
			children = (
				93ACF7F61ECD8B620093432E /* Roomie */,
				93ACF80B1ECD8B630093432E /* RoomieTests */,
				93ACF8161ECD8B630093432E /* RoomieUITests */,
				93ACF7F51ECD8B620093432E /* Products */,
			);
			sourceTree = "<group>";
		};
		93ACF7F51ECD8B620093432E /* Products */ = {
			isa = PBXGroup;
			children = (
				93ACF7F41ECD8B620093432E /* Roomie.app */,
				93ACF8081ECD8B630093432E /* RoomieTests.xctest */,
				93ACF8131ECD8B630093432E /* RoomieUITests.xctest */,
			);
			name = Products;
			sourceTree = "<group>";
		};
		93ACF7F61ECD8B620093432E /* Roomie */ = {
			isa = PBXGroup;
			children = (
				93ACF7F71ECD8B620093432E /* AppDelegate.swift */,
				93ACF7F91ECD8B630093432E /* LoginViewController.swift */,
				93ACF8251ECD8C610093432E /* HomeViewController.swift */,
				934094211ECE50CF00B06C9E /* ChoresViewController.swift */,
				934094231ECE50E400B06C9E /* BillsViewController.swift */,
				934094251ECE50FE00B06C9E /* RoommateViewController.swift */,
				934094271ECE511800B06C9E /* GroceriesViewController.swift */,
				934094291ECE512B00B06C9E /* ProfileViewController.swift */,
				93ACF7FB1ECD8B630093432E /* Main.storyboard */,
				93ACF7FE1ECD8B630093432E /* Assets.xcassets */,
				93ACF8001ECD8B630093432E /* LaunchScreen.storyboard */,
				93ACF8031ECD8B630093432E /* Info.plist */,
			);
			path = Roomie;
			sourceTree = "<group>";
		};
		93ACF80B1ECD8B630093432E /* RoomieTests */ = {
			isa = PBXGroup;
			children = (
				93ACF80C1ECD8B630093432E /* RoomieTests.swift */,
				93ACF80E1ECD8B630093432E /* Info.plist */,
			);
			path = RoomieTests;
			sourceTree = "<group>";
		};
		93ACF8161ECD8B630093432E /* RoomieUITests */ = {
			isa = PBXGroup;
			children = (
				93ACF8171ECD8B630093432E /* RoomieUITests.swift */,
				93ACF8191ECD8B630093432E /* Info.plist */,
			);
			path = RoomieUITests;
			sourceTree = "<group>";
		};
/* End PBXGroup section */

/* Begin PBXNativeTarget section */
		93ACF7F31ECD8B620093432E /* Roomie */ = {
			isa = PBXNativeTarget;
			buildConfigurationList = 93ACF81C1ECD8B630093432E /* Build configuration list for PBXNativeTarget "Roomie" */;
			buildPhases = (
				93ACF7F01ECD8B620093432E /* Sources */,
				93ACF7F11ECD8B620093432E /* Frameworks */,
				93ACF7F21ECD8B620093432E /* Resources */,
			);
			buildRules = (
			);
			dependencies = (
			);
			name = Roomie;
			productName = Roomie;
			productReference = 93ACF7F41ECD8B620093432E /* Roomie.app */;
			productType = "com.apple.product-type.application";
		};
		93ACF8071ECD8B630093432E /* RoomieTests */ = {
			isa = PBXNativeTarget;
			buildConfigurationList = 93ACF81F1ECD8B630093432E /* Build configuration list for PBXNativeTarget "RoomieTests" */;
			buildPhases = (
				93ACF8041ECD8B630093432E /* Sources */,
				93ACF8051ECD8B630093432E /* Frameworks */,
				93ACF8061ECD8B630093432E /* Resources */,
			);
			buildRules = (
			);
			dependencies = (
				93ACF80A1ECD8B630093432E /* PBXTargetDependency */,
			);
			name = RoomieTests;
			productName = RoomieTests;
			productReference = 93ACF8081ECD8B630093432E /* RoomieTests.xctest */;
			productType = "com.apple.product-type.bundle.unit-test";
		};
		93ACF8121ECD8B630093432E /* RoomieUITests */ = {
			isa = PBXNativeTarget;
			buildConfigurationList = 93ACF8221ECD8B630093432E /* Build configuration list for PBXNativeTarget "RoomieUITests" */;
			buildPhases = (
				93ACF80F1ECD8B630093432E /* Sources */,
				93ACF8101ECD8B630093432E /* Frameworks */,
				93ACF8111ECD8B630093432E /* Resources */,
			);
			buildRules = (
			);
			dependencies = (
				93ACF8151ECD8B630093432E /* PBXTargetDependency */,
			);
			name = RoomieUITests;
			productName = RoomieUITests;
			productReference = 93ACF8131ECD8B630093432E /* RoomieUITests.xctest */;
			productType = "com.apple.product-type.bundle.ui-testing";
		};
/* End PBXNativeTarget section */

/* Begin PBXProject section */
		93ACF7EC1ECD8B620093432E /* Project object */ = {
			isa = PBXProject;
			attributes = {
				LastSwiftUpdateCheck = 0830;
				LastUpgradeCheck = 0830;
				ORGANIZATIONNAME = "Muhaamed Drammeh";
				TargetAttributes = {
					93ACF7F31ECD8B620093432E = {
						CreatedOnToolsVersion = 8.3;
						DevelopmentTeam = 74EN4ZDAGB;
						ProvisioningStyle = Automatic;
					};
					93ACF8071ECD8B630093432E = {
						CreatedOnToolsVersion = 8.3;
						DevelopmentTeam = 74EN4ZDAGB;
						ProvisioningStyle = Automatic;
						TestTargetID = 93ACF7F31ECD8B620093432E;
					};
					93ACF8121ECD8B630093432E = {
						CreatedOnToolsVersion = 8.3;
						DevelopmentTeam = 74EN4ZDAGB;
						ProvisioningStyle = Automatic;
						TestTargetID = 93ACF7F31ECD8B620093432E;
					};
				};
			};
			buildConfigurationList = 93ACF7EF1ECD8B620093432E /* Build configuration list for PBXProject "Roomie" */;
			compatibilityVersion = "Xcode 3.2";
			developmentRegion = English;
			hasScannedForEncodings = 0;
			knownRegions = (
				en,
				Base,
			);
			mainGroup = 93ACF7EB1ECD8B620093432E;
			productRefGroup = 93ACF7F51ECD8B620093432E /* Products */;
			projectDirPath = "";
			projectRoot = "";
			targets = (
				93ACF7F31ECD8B620093432E /* Roomie */,
				93ACF8071ECD8B630093432E /* RoomieTests */,
				93ACF8121ECD8B630093432E /* RoomieUITests */,
			);
		};
/* End PBXProject section */

/* Begin PBXResourcesBuildPhase section */
		93ACF7F21ECD8B620093432E /* Resources */ = {
			isa = PBXResourcesBuildPhase;
			buildActionMask = 2147483647;
			files = (
				93ACF8021ECD8B630093432E /* LaunchScreen.storyboard in Resources */,
				93ACF7FF1ECD8B630093432E /* Assets.xcassets in Resources */,
				93ACF7FD1ECD8B630093432E /* Main.storyboard in Resources */,
			);
			runOnlyForDeploymentPostprocessing = 0;
		};
		93ACF8061ECD8B630093432E /* Resources */ = {
			isa = PBXResourcesBuildPhase;
			buildActionMask = 2147483647;
			files = (
			);
			runOnlyForDeploymentPostprocessing = 0;
		};
		93ACF8111ECD8B630093432E /* Resources */ = {
			isa = PBXResourcesBuildPhase;
			buildActionMask = 2147483647;
			files = (
			);
			runOnlyForDeploymentPostprocessing = 0;
		};
/* End PBXResourcesBuildPhase section */

/* Begin PBXSourcesBuildPhase section */
		93ACF7F01ECD8B620093432E /* Sources */ = {
			isa = PBXSourcesBuildPhase;
			buildActionMask = 2147483647;
			files = (
				934094261ECE50FE00B06C9E /* RoommateViewController.swift in Sources */,
				934094281ECE511800B06C9E /* GroceriesViewController.swift in Sources */,
				934094221ECE50CF00B06C9E /* ChoresViewController.swift in Sources */,
				93ACF7FA1ECD8B630093432E /* LoginViewController.swift in Sources */,
				934094241ECE50E400B06C9E /* BillsViewController.swift in Sources */,
				93ACF7F81ECD8B620093432E /* AppDelegate.swift in Sources */,
				9340942A1ECE512B00B06C9E /* ProfileViewController.swift in Sources */,
				93ACF8261ECD8C610093432E /* HomeViewController.swift in Sources */,
			);
			runOnlyForDeploymentPostprocessing = 0;
		};
		93ACF8041ECD8B630093432E /* Sources */ = {
			isa = PBXSourcesBuildPhase;
			buildActionMask = 2147483647;
			files = (
				93ACF80D1ECD8B630093432E /* RoomieTests.swift in Sources */,
			);
			runOnlyForDeploymentPostprocessing = 0;
		};
		93ACF80F1ECD8B630093432E /* Sources */ = {
			isa = PBXSourcesBuildPhase;
			buildActionMask = 2147483647;
			files = (
				93ACF8181ECD8B630093432E /* RoomieUITests.swift in Sources */,
			);
			runOnlyForDeploymentPostprocessing = 0;
		};
/* End PBXSourcesBuildPhase section */

/* Begin PBXTargetDependency section */
		93ACF80A1ECD8B630093432E /* PBXTargetDependency */ = {
			isa = PBXTargetDependency;
			target = 93ACF7F31ECD8B620093432E /* Roomie */;
			targetProxy = 93ACF8091ECD8B630093432E /* PBXContainerItemProxy */;
		};
		93ACF8151ECD8B630093432E /* PBXTargetDependency */ = {
			isa = PBXTargetDependency;
			target = 93ACF7F31ECD8B620093432E /* Roomie */;
			targetProxy = 93ACF8141ECD8B630093432E /* PBXContainerItemProxy */;
		};
/* End PBXTargetDependency section */

/* Begin PBXVariantGroup section */
		93ACF7FB1ECD8B630093432E /* Main.storyboard */ = {
			isa = PBXVariantGroup;
			children = (
				93ACF7FC1ECD8B630093432E /* Base */,
			);
			name = Main.storyboard;
			sourceTree = "<group>";
		};
		93ACF8001ECD8B630093432E /* LaunchScreen.storyboard */ = {
			isa = PBXVariantGroup;
			children = (
				93ACF8011ECD8B630093432E /* Base */,
			);
			name = LaunchScreen.storyboard;
			sourceTree = "<group>";
		};
/* End PBXVariantGroup section */

/* Begin XCBuildConfiguration section */
		93ACF81A1ECD8B630093432E /* Debug */ = {
			isa = XCBuildConfiguration;
			buildSettings = {
				ALWAYS_SEARCH_USER_PATHS = NO;
				CLANG_ANALYZER_NONNULL = YES;
				CLANG_ANALYZER_NUMBER_OBJECT_CONVERSION = YES_AGGRESSIVE;
				CLANG_CXX_LANGUAGE_STANDARD = "gnu++0x";
				CLANG_CXX_LIBRARY = "libc++";
				CLANG_ENABLE_MODULES = YES;
				CLANG_ENABLE_OBJC_ARC = YES;
				CLANG_WARN_BOOL_CONVERSION = YES;
				CLANG_WARN_CONSTANT_CONVERSION = YES;
				CLANG_WARN_DIRECT_OBJC_ISA_USAGE = YES_ERROR;
				CLANG_WARN_DOCUMENTATION_COMMENTS = YES;
				CLANG_WARN_EMPTY_BODY = YES;
				CLANG_WARN_ENUM_CONVERSION = YES;
				CLANG_WARN_INFINITE_RECURSION = YES;
				CLANG_WARN_INT_CONVERSION = YES;
				CLANG_WARN_OBJC_ROOT_CLASS = YES_ERROR;
				CLANG_WARN_SUSPICIOUS_MOVE = YES;
				CLANG_WARN_UNREACHABLE_CODE = YES;
				CLANG_WARN__DUPLICATE_METHOD_MATCH = YES;
				"CODE_SIGN_IDENTITY[sdk=iphoneos*]" = "iPhone Developer";
				COPY_PHASE_STRIP = NO;
				DEBUG_INFORMATION_FORMAT = dwarf;
				ENABLE_STRICT_OBJC_MSGSEND = YES;
				ENABLE_TESTABILITY = YES;
				GCC_C_LANGUAGE_STANDARD = gnu99;
				GCC_DYNAMIC_NO_PIC = NO;
				GCC_NO_COMMON_BLOCKS = YES;
				GCC_OPTIMIZATION_LEVEL = 0;
				GCC_PREPROCESSOR_DEFINITIONS = (
					"DEBUG=1",
					"$(inherited)",
				);
				GCC_WARN_64_TO_32_BIT_CONVERSION = YES;
				GCC_WARN_ABOUT_RETURN_TYPE = YES_ERROR;
				GCC_WARN_UNDECLARED_SELECTOR = YES;
				GCC_WARN_UNINITIALIZED_AUTOS = YES_AGGRESSIVE;
				GCC_WARN_UNUSED_FUNCTION = YES;
				GCC_WARN_UNUSED_VARIABLE = YES;
				IPHONEOS_DEPLOYMENT_TARGET = 9.0;
				MTL_ENABLE_DEBUG_INFO = YES;
				ONLY_ACTIVE_ARCH = YES;
				SDKROOT = iphoneos;
				SWIFT_ACTIVE_COMPILATION_CONDITIONS = DEBUG;
				SWIFT_OPTIMIZATION_LEVEL = "-Onone";
			};
			name = Debug;
		};
		93ACF81B1ECD8B630093432E /* Release */ = {
			isa = XCBuildConfiguration;
			buildSettings = {
				ALWAYS_SEARCH_USER_PATHS = NO;
				CLANG_ANALYZER_NONNULL = YES;
				CLANG_ANALYZER_NUMBER_OBJECT_CONVERSION = YES_AGGRESSIVE;
				CLANG_CXX_LANGUAGE_STANDARD = "gnu++0x";
				CLANG_CXX_LIBRARY = "libc++";
				CLANG_ENABLE_MODULES = YES;
				CLANG_ENABLE_OBJC_ARC = YES;
				CLANG_WARN_BOOL_CONVERSION = YES;
				CLANG_WARN_CONSTANT_CONVERSION = YES;
				CLANG_WARN_DIRECT_OBJC_ISA_USAGE = YES_ERROR;
				CLANG_WARN_DOCUMENTATION_COMMENTS = YES;
				CLANG_WARN_EMPTY_BODY = YES;
				CLANG_WARN_ENUM_CONVERSION = YES;
				CLANG_WARN_INFINITE_RECURSION = YES;
				CLANG_WARN_INT_CONVERSION = YES;
				CLANG_WARN_OBJC_ROOT_CLASS = YES_ERROR;
				CLANG_WARN_SUSPICIOUS_MOVE = YES;
				CLANG_WARN_UNREACHABLE_CODE = YES;
				CLANG_WARN__DUPLICATE_METHOD_MATCH = YES;
				"CODE_SIGN_IDENTITY[sdk=iphoneos*]" = "iPhone Developer";
				COPY_PHASE_STRIP = NO;
				DEBUG_INFORMATION_FORMAT = "dwarf-with-dsym";
				ENABLE_NS_ASSERTIONS = NO;
				ENABLE_STRICT_OBJC_MSGSEND = YES;
				GCC_C_LANGUAGE_STANDARD = gnu99;
				GCC_NO_COMMON_BLOCKS = YES;
				GCC_WARN_64_TO_32_BIT_CONVERSION = YES;
				GCC_WARN_ABOUT_RETURN_TYPE = YES_ERROR;
				GCC_WARN_UNDECLARED_SELECTOR = YES;
				GCC_WARN_UNINITIALIZED_AUTOS = YES_AGGRESSIVE;
				GCC_WARN_UNUSED_FUNCTION = YES;
				GCC_WARN_UNUSED_VARIABLE = YES;
				IPHONEOS_DEPLOYMENT_TARGET = 9.0;
				MTL_ENABLE_DEBUG_INFO = NO;
				SDKROOT = iphoneos;
				SWIFT_OPTIMIZATION_LEVEL = "-Owholemodule";
				VALIDATE_PRODUCT = YES;
			};
			name = Release;
		};
		93ACF81D1ECD8B630093432E /* Debug */ = {
			isa = XCBuildConfiguration;
			buildSettings = {
				ASSETCATALOG_COMPILER_APPICON_NAME = AppIcon;
				DEVELOPMENT_TEAM = 74EN4ZDAGB;
				INFOPLIST_FILE = Roomie/Info.plist;
				IPHONEOS_DEPLOYMENT_TARGET = 9.0;
				LD_RUNPATH_SEARCH_PATHS = "$(inherited) @executable_path/Frameworks";
				PRODUCT_BUNDLE_IDENTIFIER = Drammeh.Roomie;
				PRODUCT_NAME = "$(TARGET_NAME)";
				SWIFT_VERSION = 3.0;
			};
			name = Debug;
		};
		93ACF81E1ECD8B630093432E /* Release */ = {
			isa = XCBuildConfiguration;
			buildSettings = {
				ASSETCATALOG_COMPILER_APPICON_NAME = AppIcon;
				DEVELOPMENT_TEAM = 74EN4ZDAGB;
				INFOPLIST_FILE = Roomie/Info.plist;
				IPHONEOS_DEPLOYMENT_TARGET = 9.0;
				LD_RUNPATH_SEARCH_PATHS = "$(inherited) @executable_path/Frameworks";
				PRODUCT_BUNDLE_IDENTIFIER = Drammeh.Roomie;
				PRODUCT_NAME = "$(TARGET_NAME)";
				SWIFT_VERSION = 3.0;
			};
			name = Release;
		};
		93ACF8201ECD8B630093432E /* Debug */ = {
			isa = XCBuildConfiguration;
			buildSettings = {
				ALWAYS_EMBED_SWIFT_STANDARD_LIBRARIES = YES;
				BUNDLE_LOADER = "$(TEST_HOST)";
				DEVELOPMENT_TEAM = 74EN4ZDAGB;
				INFOPLIST_FILE = RoomieTests/Info.plist;
				LD_RUNPATH_SEARCH_PATHS = "$(inherited) @executable_path/Frameworks @loader_path/Frameworks";
				PRODUCT_BUNDLE_IDENTIFIER = Drammeh.RoomieTests;
				PRODUCT_NAME = "$(TARGET_NAME)";
				SWIFT_VERSION = 3.0;
				TEST_HOST = "$(BUILT_PRODUCTS_DIR)/Roomie.app/Roomie";
			};
			name = Debug;
		};
		93ACF8211ECD8B630093432E /* Release */ = {
			isa = XCBuildConfiguration;
			buildSettings = {
				ALWAYS_EMBED_SWIFT_STANDARD_LIBRARIES = YES;
				BUNDLE_LOADER = "$(TEST_HOST)";
				DEVELOPMENT_TEAM = 74EN4ZDAGB;
				INFOPLIST_FILE = RoomieTests/Info.plist;
				LD_RUNPATH_SEARCH_PATHS = "$(inherited) @executable_path/Frameworks @loader_path/Frameworks";
				PRODUCT_BUNDLE_IDENTIFIER = Drammeh.RoomieTests;
				PRODUCT_NAME = "$(TARGET_NAME)";
				SWIFT_VERSION = 3.0;
				TEST_HOST = "$(BUILT_PRODUCTS_DIR)/Roomie.app/Roomie";
			};
			name = Release;
		};
		93ACF8231ECD8B630093432E /* Debug */ = {
			isa = XCBuildConfiguration;
			buildSettings = {
				ALWAYS_EMBED_SWIFT_STANDARD_LIBRARIES = YES;
				DEVELOPMENT_TEAM = 74EN4ZDAGB;
				INFOPLIST_FILE = RoomieUITests/Info.plist;
				LD_RUNPATH_SEARCH_PATHS = "$(inherited) @executable_path/Frameworks @loader_path/Frameworks";
				PRODUCT_BUNDLE_IDENTIFIER = Drammeh.RoomieUITests;
				PRODUCT_NAME = "$(TARGET_NAME)";
				SWIFT_VERSION = 3.0;
				TEST_TARGET_NAME = Roomie;
			};
			name = Debug;
		};
		93ACF8241ECD8B630093432E /* Release */ = {
			isa = XCBuildConfiguration;
			buildSettings = {
				ALWAYS_EMBED_SWIFT_STANDARD_LIBRARIES = YES;
				DEVELOPMENT_TEAM = 74EN4ZDAGB;
				INFOPLIST_FILE = RoomieUITests/Info.plist;
				LD_RUNPATH_SEARCH_PATHS = "$(inherited) @executable_path/Frameworks @loader_path/Frameworks";
				PRODUCT_BUNDLE_IDENTIFIER = Drammeh.RoomieUITests;
				PRODUCT_NAME = "$(TARGET_NAME)";
				SWIFT_VERSION = 3.0;
				TEST_TARGET_NAME = Roomie;
			};
			name = Release;
		};
/* End XCBuildConfiguration section */

/* Begin XCConfigurationList section */
		93ACF7EF1ECD8B620093432E /* Build configuration list for PBXProject "Roomie" */ = {
			isa = XCConfigurationList;
			buildConfigurations = (
				93ACF81A1ECD8B630093432E /* Debug */,
				93ACF81B1ECD8B630093432E /* Release */,
			);
			defaultConfigurationIsVisible = 0;
			defaultConfigurationName = Release;
		};
		93ACF81C1ECD8B630093432E /* Build configuration list for PBXNativeTarget "Roomie" */ = {
			isa = XCConfigurationList;
			buildConfigurations = (
				93ACF81D1ECD8B630093432E /* Debug */,
				93ACF81E1ECD8B630093432E /* Release */,
			);
			defaultConfigurationIsVisible = 0;
			defaultConfigurationName = Release;
		};
		93ACF81F1ECD8B630093432E /* Build configuration list for PBXNativeTarget "RoomieTests" */ = {
			isa = XCConfigurationList;
			buildConfigurations = (
				93ACF8201ECD8B630093432E /* Debug */,
				93ACF8211ECD8B630093432E /* Release */,
			);
			defaultConfigurationIsVisible = 0;
			defaultConfigurationName = Release;
		};
		93ACF8221ECD8B630093432E /* Build configuration list for PBXNativeTarget "RoomieUITests" */ = {
			isa = XCConfigurationList;
			buildConfigurations = (
				93ACF8231ECD8B630093432E /* Debug */,
				93ACF8241ECD8B630093432E /* Release */,
			);
			defaultConfigurationIsVisible = 0;
			defaultConfigurationName = Release;
		};
/* End XCConfigurationList section */
	};
	rootObject = 93ACF7EC1ECD8B620093432E /* Project object */;
}
