// !$*UTF8*$!
{
	archiveVersion = 1;
	classes = {
	};
	objectVersion = 46;
	objects = {

/* Begin PBXBuildFile section */
		29F40E834745022DAF0BD0CF /* Pods_RoomieTests.framework in Frameworks */ = {isa = PBXBuildFile; fileRef = D32E46B0194261C2F9F4B7C3 /* Pods_RoomieTests.framework */; };
		323997C92277B8265D2D29FB /* Pods_RoomieUITests.framework in Frameworks */ = {isa = PBXBuildFile; fileRef = 61836ED3C09780CF6C9FED38 /* Pods_RoomieUITests.framework */; };
		5874B44F1EE622A000839090 /* GroceryListViewController.swift in Sources */ = {isa = PBXBuildFile; fileRef = 5874B44E1EE622A000839090 /* GroceryListViewController.swift */; };
		58F86BED1ED93E4700935A12 /* GoogleService-Info.plist in Resources */ = {isa = PBXBuildFile; fileRef = 58F86BEC1ED93E4700935A12 /* GoogleService-Info.plist */; };
		615E82D46ABC85663DA7FE58 /* Pods_Roomie.framework in Frameworks */ = {isa = PBXBuildFile; fileRef = 1ACDE1C739AC5A4F35B9B013 /* Pods_Roomie.framework */; };
		934094221ECE50CF00B06C9E /* ChoresViewController.swift in Sources */ = {isa = PBXBuildFile; fileRef = 934094211ECE50CF00B06C9E /* ChoresViewController.swift */; };
		934094241ECE50E400B06C9E /* BillsViewController.swift in Sources */ = {isa = PBXBuildFile; fileRef = 934094231ECE50E400B06C9E /* BillsViewController.swift */; };
		934094261ECE50FE00B06C9E /* RoommateViewController.swift in Sources */ = {isa = PBXBuildFile; fileRef = 934094251ECE50FE00B06C9E /* RoommateViewController.swift */; };
		934094281ECE511800B06C9E /* GroceriesViewController.swift in Sources */ = {isa = PBXBuildFile; fileRef = 934094271ECE511800B06C9E /* GroceriesViewController.swift */; };
		9340942A1ECE512B00B06C9E /* ProfileViewController.swift in Sources */ = {isa = PBXBuildFile; fileRef = 934094291ECE512B00B06C9E /* ProfileViewController.swift */; };
		93A3DEDB1EE3F67C00442894 /* RemindersViewController.swift in Sources */ = {isa = PBXBuildFile; fileRef = 93A3DEDA1EE3F67C00442894 /* RemindersViewController.swift */; };
		93ACF7F81ECD8B620093432E /* AppDelegate.swift in Sources */ = {isa = PBXBuildFile; fileRef = 93ACF7F71ECD8B620093432E /* AppDelegate.swift */; };
		93ACF7FA1ECD8B630093432E /* LoginViewController.swift in Sources */ = {isa = PBXBuildFile; fileRef = 93ACF7F91ECD8B630093432E /* LoginViewController.swift */; };
		93ACF7FD1ECD8B630093432E /* Main.storyboard in Resources */ = {isa = PBXBuildFile; fileRef = 93ACF7FB1ECD8B630093432E /* Main.storyboard */; };
		93ACF7FF1ECD8B630093432E /* Assets.xcassets in Resources */ = {isa = PBXBuildFile; fileRef = 93ACF7FE1ECD8B630093432E /* Assets.xcassets */; };
		93ACF8021ECD8B630093432E /* LaunchScreen.storyboard in Resources */ = {isa = PBXBuildFile; fileRef = 93ACF8001ECD8B630093432E /* LaunchScreen.storyboard */; };
		93ACF80D1ECD8B630093432E /* RoomieTests.swift in Sources */ = {isa = PBXBuildFile; fileRef = 93ACF80C1ECD8B630093432E /* RoomieTests.swift */; };
		93ACF8181ECD8B630093432E /* RoomieUITests.swift in Sources */ = {isa = PBXBuildFile; fileRef = 93ACF8171ECD8B630093432E /* RoomieUITests.swift */; };
		93ACF8261ECD8C610093432E /* HomeViewController.swift in Sources */ = {isa = PBXBuildFile; fileRef = 93ACF8251ECD8C610093432E /* HomeViewController.swift */; };
		9D62A9081EE4C934008D4B42 /* Extension.swift in Sources */ = {isa = PBXBuildFile; fileRef = 9D62A9071EE4C934008D4B42 /* Extension.swift */; };
		9DA96CF71EDD128D00CBFF21 /* UserListViewController.swift in Sources */ = {isa = PBXBuildFile; fileRef = 9DA96CF61EDD128D00CBFF21 /* UserListViewController.swift */; };
		A80546DC1ED6A9B3005F3ACB /* User.swift in Sources */ = {isa = PBXBuildFile; fileRef = A80546DB1ED6A9B3005F3ACB /* User.swift */; };
		A80546DE1ED6B61E005F3ACB /* SessionManager.swift in Sources */ = {isa = PBXBuildFile; fileRef = A80546DD1ED6B61E005F3ACB /* SessionManager.swift */; };
		A806E90E1EE50AA9005F0BCB /* FoldingCell.swift in Sources */ = {isa = PBXBuildFile; fileRef = A806E90D1EE50AA9005F0BCB /* FoldingCell.swift */; };
		A806E9101EE50AAF005F0BCB /* BillCell.swift in Sources */ = {isa = PBXBuildFile; fileRef = A806E90F1EE50AAF005F0BCB /* BillCell.swift */; };
/* End PBXBuildFile section */

/* Begin PBXContainerItemProxy section */
		93ACF8091ECD8B630093432E /* PBXContainerItemProxy */ = {
			isa = PBXContainerItemProxy;
			containerPortal = 93ACF7EC1ECD8B620093432E /* Project object */;
			proxyType = 1;
			remoteGlobalIDString = 93ACF7F31ECD8B620093432E;
			remoteInfo = Roomie;
		};
		93ACF8141ECD8B630093432E /* PBXContainerItemProxy */ = {
			isa = PBXContainerItemProxy;
			containerPortal = 93ACF7EC1ECD8B620093432E /* Project object */;
			proxyType = 1;
			remoteGlobalIDString = 93ACF7F31ECD8B620093432E;
			remoteInfo = Roomie;
		};
/* End PBXContainerItemProxy section */

/* Begin PBXFileReference section */
		1ACDE1C739AC5A4F35B9B013 /* Pods_Roomie.framework */ = {isa = PBXFileReference; explicitFileType = wrapper.framework; includeInIndex = 0; path = Pods_Roomie.framework; sourceTree = BUILT_PRODUCTS_DIR; };
		2DCB0DD97E59CE7749FECF4C /* Pods-RoomieTests.release.xcconfig */ = {isa = PBXFileReference; includeInIndex = 1; lastKnownFileType = text.xcconfig; name = "Pods-RoomieTests.release.xcconfig"; path = "Pods/Target Support Files/Pods-RoomieTests/Pods-RoomieTests.release.xcconfig"; sourceTree = "<group>"; };
		5874B44E1EE622A000839090 /* GroceryListViewController.swift */ = {isa = PBXFileReference; fileEncoding = 4; lastKnownFileType = sourcecode.swift; path = GroceryListViewController.swift; sourceTree = "<group>"; };
		58F86BEC1ED93E4700935A12 /* GoogleService-Info.plist */ = {isa = PBXFileReference; fileEncoding = 4; lastKnownFileType = text.plist.xml; path = "GoogleService-Info.plist"; sourceTree = "<group>"; };
		599EC895CDDE8AB8DA13DDF8 /* Pods-RoomieUITests.release.xcconfig */ = {isa = PBXFileReference; includeInIndex = 1; lastKnownFileType = text.xcconfig; name = "Pods-RoomieUITests.release.xcconfig"; path = "Pods/Target Support Files/Pods-RoomieUITests/Pods-RoomieUITests.release.xcconfig"; sourceTree = "<group>"; };
		61836ED3C09780CF6C9FED38 /* Pods_RoomieUITests.framework */ = {isa = PBXFileReference; explicitFileType = wrapper.framework; includeInIndex = 0; path = Pods_RoomieUITests.framework; sourceTree = BUILT_PRODUCTS_DIR; };
		934094211ECE50CF00B06C9E /* ChoresViewController.swift */ = {isa = PBXFileReference; fileEncoding = 4; lastKnownFileType = sourcecode.swift; path = ChoresViewController.swift; sourceTree = "<group>"; };
		934094231ECE50E400B06C9E /* BillsViewController.swift */ = {isa = PBXFileReference; fileEncoding = 4; lastKnownFileType = sourcecode.swift; path = BillsViewController.swift; sourceTree = "<group>"; };
		934094251ECE50FE00B06C9E /* RoommateViewController.swift */ = {isa = PBXFileReference; fileEncoding = 4; lastKnownFileType = sourcecode.swift; path = RoommateViewController.swift; sourceTree = "<group>"; };
		934094271ECE511800B06C9E /* GroceriesViewController.swift */ = {isa = PBXFileReference; fileEncoding = 4; lastKnownFileType = sourcecode.swift; path = GroceriesViewController.swift; sourceTree = "<group>"; };
		934094291ECE512B00B06C9E /* ProfileViewController.swift */ = {isa = PBXFileReference; fileEncoding = 4; lastKnownFileType = sourcecode.swift; path = ProfileViewController.swift; sourceTree = "<group>"; };
		93A3DEDA1EE3F67C00442894 /* RemindersViewController.swift */ = {isa = PBXFileReference; fileEncoding = 4; lastKnownFileType = sourcecode.swift; path = RemindersViewController.swift; sourceTree = "<group>"; };
		93ACF7F41ECD8B620093432E /* Roomie.app */ = {isa = PBXFileReference; explicitFileType = wrapper.application; includeInIndex = 0; path = Roomie.app; sourceTree = BUILT_PRODUCTS_DIR; };
		93ACF7F71ECD8B620093432E /* AppDelegate.swift */ = {isa = PBXFileReference; lastKnownFileType = sourcecode.swift; path = AppDelegate.swift; sourceTree = "<group>"; };
		93ACF7F91ECD8B630093432E /* LoginViewController.swift */ = {isa = PBXFileReference; lastKnownFileType = sourcecode.swift; path = LoginViewController.swift; sourceTree = "<group>"; };
		93ACF7FC1ECD8B630093432E /* Base */ = {isa = PBXFileReference; lastKnownFileType = file.storyboard; name = Base; path = Base.lproj/Main.storyboard; sourceTree = "<group>"; };
		93ACF7FE1ECD8B630093432E /* Assets.xcassets */ = {isa = PBXFileReference; lastKnownFileType = folder.assetcatalog; path = Assets.xcassets; sourceTree = "<group>"; };
		93ACF8011ECD8B630093432E /* Base */ = {isa = PBXFileReference; lastKnownFileType = file.storyboard; name = Base; path = Base.lproj/LaunchScreen.storyboard; sourceTree = "<group>"; };
		93ACF8031ECD8B630093432E /* Info.plist */ = {isa = PBXFileReference; lastKnownFileType = text.plist.xml; path = Info.plist; sourceTree = "<group>"; };
		93ACF8081ECD8B630093432E /* RoomieTests.xctest */ = {isa = PBXFileReference; explicitFileType = wrapper.cfbundle; includeInIndex = 0; path = RoomieTests.xctest; sourceTree = BUILT_PRODUCTS_DIR; };
		93ACF80C1ECD8B630093432E /* RoomieTests.swift */ = {isa = PBXFileReference; lastKnownFileType = sourcecode.swift; path = RoomieTests.swift; sourceTree = "<group>"; };
		93ACF80E1ECD8B630093432E /* Info.plist */ = {isa = PBXFileReference; lastKnownFileType = text.plist.xml; path = Info.plist; sourceTree = "<group>"; };
		93ACF8131ECD8B630093432E /* RoomieUITests.xctest */ = {isa = PBXFileReference; explicitFileType = wrapper.cfbundle; includeInIndex = 0; path = RoomieUITests.xctest; sourceTree = BUILT_PRODUCTS_DIR; };
		93ACF8171ECD8B630093432E /* RoomieUITests.swift */ = {isa = PBXFileReference; lastKnownFileType = sourcecode.swift; path = RoomieUITests.swift; sourceTree = "<group>"; };
		93ACF8191ECD8B630093432E /* Info.plist */ = {isa = PBXFileReference; lastKnownFileType = text.plist.xml; path = Info.plist; sourceTree = "<group>"; };
		93ACF8251ECD8C610093432E /* HomeViewController.swift */ = {isa = PBXFileReference; fileEncoding = 4; lastKnownFileType = sourcecode.swift; path = HomeViewController.swift; sourceTree = "<group>"; };
		9D62A9071EE4C934008D4B42 /* Extension.swift */ = {isa = PBXFileReference; fileEncoding = 4; lastKnownFileType = sourcecode.swift; path = Extension.swift; sourceTree = "<group>"; };
		9DA96CF61EDD128D00CBFF21 /* UserListViewController.swift */ = {isa = PBXFileReference; fileEncoding = 4; lastKnownFileType = sourcecode.swift; path = UserListViewController.swift; sourceTree = "<group>"; };
		A80546DB1ED6A9B3005F3ACB /* User.swift */ = {isa = PBXFileReference; fileEncoding = 4; lastKnownFileType = sourcecode.swift; path = User.swift; sourceTree = "<group>"; };
		A80546DD1ED6B61E005F3ACB /* SessionManager.swift */ = {isa = PBXFileReference; fileEncoding = 4; lastKnownFileType = sourcecode.swift; path = SessionManager.swift; sourceTree = "<group>"; };
		A806E90D1EE50AA9005F0BCB /* FoldingCell.swift */ = {isa = PBXFileReference; fileEncoding = 4; lastKnownFileType = sourcecode.swift; path = FoldingCell.swift; sourceTree = "<group>"; };
		A806E90F1EE50AAF005F0BCB /* BillCell.swift */ = {isa = PBXFileReference; fileEncoding = 4; lastKnownFileType = sourcecode.swift; path = BillCell.swift; sourceTree = "<group>"; };
		BA0686BF95471186BCCFD829 /* Pods-Roomie.debug.xcconfig */ = {isa = PBXFileReference; includeInIndex = 1; lastKnownFileType = text.xcconfig; name = "Pods-Roomie.debug.xcconfig"; path = "Pods/Target Support Files/Pods-Roomie/Pods-Roomie.debug.xcconfig"; sourceTree = "<group>"; };
		C92B1E966725277B8749F7F1 /* Pods-RoomieTests.debug.xcconfig */ = {isa = PBXFileReference; includeInIndex = 1; lastKnownFileType = text.xcconfig; name = "Pods-RoomieTests.debug.xcconfig"; path = "Pods/Target Support Files/Pods-RoomieTests/Pods-RoomieTests.debug.xcconfig"; sourceTree = "<group>"; };
		CB25621706E8A8C3672BD8A0 /* Pods-RoomieUITests.debug.xcconfig */ = {isa = PBXFileReference; includeInIndex = 1; lastKnownFileType = text.xcconfig; name = "Pods-RoomieUITests.debug.xcconfig"; path = "Pods/Target Support Files/Pods-RoomieUITests/Pods-RoomieUITests.debug.xcconfig"; sourceTree = "<group>"; };
		D0E641EA4098923808B7D9D2 /* Pods-Roomie.release.xcconfig */ = {isa = PBXFileReference; includeInIndex = 1; lastKnownFileType = text.xcconfig; name = "Pods-Roomie.release.xcconfig"; path = "Pods/Target Support Files/Pods-Roomie/Pods-Roomie.release.xcconfig"; sourceTree = "<group>"; };
		D32E46B0194261C2F9F4B7C3 /* Pods_RoomieTests.framework */ = {isa = PBXFileReference; explicitFileType = wrapper.framework; includeInIndex = 0; path = Pods_RoomieTests.framework; sourceTree = BUILT_PRODUCTS_DIR; };
/* End PBXFileReference section */

/* Begin PBXFrameworksBuildPhase section */
		93ACF7F11ECD8B620093432E /* Frameworks */ = {
			isa = PBXFrameworksBuildPhase;
			buildActionMask = 2147483647;
			files = (
				615E82D46ABC85663DA7FE58 /* Pods_Roomie.framework in Frameworks */,
			);
			runOnlyForDeploymentPostprocessing = 0;
		};
		93ACF8051ECD8B630093432E /* Frameworks */ = {
			isa = PBXFrameworksBuildPhase;
			buildActionMask = 2147483647;
			files = (
				29F40E834745022DAF0BD0CF /* Pods_RoomieTests.framework in Frameworks */,
			);
			runOnlyForDeploymentPostprocessing = 0;
		};
		93ACF8101ECD8B630093432E /* Frameworks */ = {
			isa = PBXFrameworksBuildPhase;
			buildActionMask = 2147483647;
			files = (
				323997C92277B8265D2D29FB /* Pods_RoomieUITests.framework in Frameworks */,
			);
			runOnlyForDeploymentPostprocessing = 0;
		};
/* End PBXFrameworksBuildPhase section */

/* Begin PBXGroup section */
		09768C3E27A47A3A55DFB239 /* Frameworks */ = {
			isa = PBXGroup;
			children = (
				1ACDE1C739AC5A4F35B9B013 /* Pods_Roomie.framework */,
				D32E46B0194261C2F9F4B7C3 /* Pods_RoomieTests.framework */,
				61836ED3C09780CF6C9FED38 /* Pods_RoomieUITests.framework */,
			);
			name = Frameworks;
			sourceTree = "<group>";
		};
		7476F8DEA55412AC1B559642 /* Pods */ = {
			isa = PBXGroup;
			children = (
				BA0686BF95471186BCCFD829 /* Pods-Roomie.debug.xcconfig */,
				D0E641EA4098923808B7D9D2 /* Pods-Roomie.release.xcconfig */,
				C92B1E966725277B8749F7F1 /* Pods-RoomieTests.debug.xcconfig */,
				2DCB0DD97E59CE7749FECF4C /* Pods-RoomieTests.release.xcconfig */,
				CB25621706E8A8C3672BD8A0 /* Pods-RoomieUITests.debug.xcconfig */,
				599EC895CDDE8AB8DA13DDF8 /* Pods-RoomieUITests.release.xcconfig */,
			);
			name = Pods;
			sourceTree = "<group>";
		};
		93ACF7EB1ECD8B620093432E = {
			isa = PBXGroup;
			children = (
				93ACF7F61ECD8B620093432E /* Roomie */,
				93ACF80B1ECD8B630093432E /* RoomieTests */,
				93ACF8161ECD8B630093432E /* RoomieUITests */,
				93ACF7F51ECD8B620093432E /* Products */,
				7476F8DEA55412AC1B559642 /* Pods */,
				09768C3E27A47A3A55DFB239 /* Frameworks */,
			);
			sourceTree = "<group>";
		};
		93ACF7F51ECD8B620093432E /* Products */ = {
			isa = PBXGroup;
			children = (
				93ACF7F41ECD8B620093432E /* Roomie.app */,
				93ACF8081ECD8B630093432E /* RoomieTests.xctest */,
				93ACF8131ECD8B630093432E /* RoomieUITests.xctest */,
			);
			name = Products;
			sourceTree = "<group>";
		};
		93ACF7F61ECD8B620093432E /* Roomie */ = {
			isa = PBXGroup;
			children = (
				58F86BEC1ED93E4700935A12 /* GoogleService-Info.plist */,
				93ACF7F71ECD8B620093432E /* AppDelegate.swift */,
				93ACF7F91ECD8B630093432E /* LoginViewController.swift */,
				A80546DD1ED6B61E005F3ACB /* SessionManager.swift */,
				A80546DB1ED6A9B3005F3ACB /* User.swift */,
				93ACF8251ECD8C610093432E /* HomeViewController.swift */,
				934094211ECE50CF00B06C9E /* ChoresViewController.swift */,
				934094231ECE50E400B06C9E /* BillsViewController.swift */,
				934094251ECE50FE00B06C9E /* RoommateViewController.swift */,
				934094271ECE511800B06C9E /* GroceriesViewController.swift */,
				5874B44E1EE622A000839090 /* GroceryListViewController.swift */,
				93A3DEDA1EE3F67C00442894 /* RemindersViewController.swift */,
				934094291ECE512B00B06C9E /* ProfileViewController.swift */,
				93ACF7FB1ECD8B630093432E /* Main.storyboard */,
				A806E90F1EE50AAF005F0BCB /* BillCell.swift */,
				A806E90D1EE50AA9005F0BCB /* FoldingCell.swift */,
				93ACF7FE1ECD8B630093432E /* Assets.xcassets */,
				93ACF8001ECD8B630093432E /* LaunchScreen.storyboard */,
				93ACF8031ECD8B630093432E /* Info.plist */,
				9DA96CF61EDD128D00CBFF21 /* UserListViewController.swift */,
				9D62A9071EE4C934008D4B42 /* Extension.swift */,
			);
			path = Roomie;
			sourceTree = "<group>";
		};
		93ACF80B1ECD8B630093432E /* RoomieTests */ = {
			isa = PBXGroup;
			children = (
				93ACF80C1ECD8B630093432E /* RoomieTests.swift */,
				93ACF80E1ECD8B630093432E /* Info.plist */,
			);
			path = RoomieTests;
			sourceTree = "<group>";
		};
		93ACF8161ECD8B630093432E /* RoomieUITests */ = {
			isa = PBXGroup;
			children = (
				93ACF8171ECD8B630093432E /* RoomieUITests.swift */,
				93ACF8191ECD8B630093432E /* Info.plist */,
			);
			path = RoomieUITests;
			sourceTree = "<group>";
		};
/* End PBXGroup section */

/* Begin PBXNativeTarget section */
		93ACF7F31ECD8B620093432E /* Roomie */ = {
			isa = PBXNativeTarget;
			buildConfigurationList = 93ACF81C1ECD8B630093432E /* Build configuration list for PBXNativeTarget "Roomie" */;
			buildPhases = (
				B39512C53F3D9ED6D0413C1E /* [CP] Check Pods Manifest.lock */,
				93ACF7F01ECD8B620093432E /* Sources */,
				93ACF7F11ECD8B620093432E /* Frameworks */,
				93ACF7F21ECD8B620093432E /* Resources */,
				B1BF91D1537395FFCA58010D /* [CP] Embed Pods Frameworks */,
				E1D189E241A8C4EE64257ED2 /* [CP] Copy Pods Resources */,
			);
			buildRules = (
			);
			dependencies = (
			);
			name = Roomie;
			productName = Roomie;
			productReference = 93ACF7F41ECD8B620093432E /* Roomie.app */;
			productType = "com.apple.product-type.application";
		};
		93ACF8071ECD8B630093432E /* RoomieTests */ = {
			isa = PBXNativeTarget;
			buildConfigurationList = 93ACF81F1ECD8B630093432E /* Build configuration list for PBXNativeTarget "RoomieTests" */;
			buildPhases = (
				A4582B701712FBA4F65ED985 /* [CP] Check Pods Manifest.lock */,
				93ACF8041ECD8B630093432E /* Sources */,
				93ACF8051ECD8B630093432E /* Frameworks */,
				93ACF8061ECD8B630093432E /* Resources */,
				7B83F47764218EB2F8FB2602 /* [CP] Embed Pods Frameworks */,
				91416BDFE2F7B30D3014F7C2 /* [CP] Copy Pods Resources */,
			);
			buildRules = (
			);
			dependencies = (
				93ACF80A1ECD8B630093432E /* PBXTargetDependency */,
			);
			name = RoomieTests;
			productName = RoomieTests;
			productReference = 93ACF8081ECD8B630093432E /* RoomieTests.xctest */;
			productType = "com.apple.product-type.bundle.unit-test";
		};
		93ACF8121ECD8B630093432E /* RoomieUITests */ = {
			isa = PBXNativeTarget;
			buildConfigurationList = 93ACF8221ECD8B630093432E /* Build configuration list for PBXNativeTarget "RoomieUITests" */;
			buildPhases = (
				7A2AA4120A12AE446FE091E7 /* [CP] Check Pods Manifest.lock */,
				93ACF80F1ECD8B630093432E /* Sources */,
				93ACF8101ECD8B630093432E /* Frameworks */,
				93ACF8111ECD8B630093432E /* Resources */,
				F3F798EA24B5787659801BDD /* [CP] Embed Pods Frameworks */,
				BDC4590E5354EF0BE6F09D30 /* [CP] Copy Pods Resources */,
			);
			buildRules = (
			);
			dependencies = (
				93ACF8151ECD8B630093432E /* PBXTargetDependency */,
			);
			name = RoomieUITests;
			productName = RoomieUITests;
			productReference = 93ACF8131ECD8B630093432E /* RoomieUITests.xctest */;
			productType = "com.apple.product-type.bundle.ui-testing";
		};
/* End PBXNativeTarget section */

/* Begin PBXProject section */
		93ACF7EC1ECD8B620093432E /* Project object */ = {
			isa = PBXProject;
			attributes = {
				LastSwiftUpdateCheck = 0830;
				LastUpgradeCheck = 0830;
				ORGANIZATIONNAME = "Muhaamed Drammeh";
				TargetAttributes = {
					93ACF7F31ECD8B620093432E = {
						CreatedOnToolsVersion = 8.3;
						ProvisioningStyle = Automatic;
					};
					93ACF8071ECD8B630093432E = {
						CreatedOnToolsVersion = 8.3;
						DevelopmentTeam = 74EN4ZDAGB;
						ProvisioningStyle = Automatic;
						TestTargetID = 93ACF7F31ECD8B620093432E;
					};
					93ACF8121ECD8B630093432E = {
						CreatedOnToolsVersion = 8.3;
						DevelopmentTeam = 74EN4ZDAGB;
						ProvisioningStyle = Automatic;
						TestTargetID = 93ACF7F31ECD8B620093432E;
					};
				};
			};
			buildConfigurationList = 93ACF7EF1ECD8B620093432E /* Build configuration list for PBXProject "Roomie" */;
			compatibilityVersion = "Xcode 3.2";
			developmentRegion = English;
			hasScannedForEncodings = 0;
			knownRegions = (
				en,
				Base,
			);
			mainGroup = 93ACF7EB1ECD8B620093432E;
			productRefGroup = 93ACF7F51ECD8B620093432E /* Products */;
			projectDirPath = "";
			projectRoot = "";
			targets = (
				93ACF7F31ECD8B620093432E /* Roomie */,
				93ACF8071ECD8B630093432E /* RoomieTests */,
				93ACF8121ECD8B630093432E /* RoomieUITests */,
			);
		};
/* End PBXProject section */

/* Begin PBXResourcesBuildPhase section */
		93ACF7F21ECD8B620093432E /* Resources */ = {
			isa = PBXResourcesBuildPhase;
			buildActionMask = 2147483647;
			files = (
				93ACF8021ECD8B630093432E /* LaunchScreen.storyboard in Resources */,
				58F86BED1ED93E4700935A12 /* GoogleService-Info.plist in Resources */,
				93ACF7FF1ECD8B630093432E /* Assets.xcassets in Resources */,
				93ACF7FD1ECD8B630093432E /* Main.storyboard in Resources */,
			);
			runOnlyForDeploymentPostprocessing = 0;
		};
		93ACF8061ECD8B630093432E /* Resources */ = {
			isa = PBXResourcesBuildPhase;
			buildActionMask = 2147483647;
			files = (
			);
			runOnlyForDeploymentPostprocessing = 0;
		};
		93ACF8111ECD8B630093432E /* Resources */ = {
			isa = PBXResourcesBuildPhase;
			buildActionMask = 2147483647;
			files = (
			);
			runOnlyForDeploymentPostprocessing = 0;
		};
/* End PBXResourcesBuildPhase section */

/* Begin PBXShellScriptBuildPhase section */
		7A2AA4120A12AE446FE091E7 /* [CP] Check Pods Manifest.lock */ = {
			isa = PBXShellScriptBuildPhase;
			buildActionMask = 2147483647;
			files = (
			);
			inputPaths = (
			);
			name = "[CP] Check Pods Manifest.lock";
			outputPaths = (
			);
			runOnlyForDeploymentPostprocessing = 0;
			shellPath = /bin/sh;
			shellScript = "diff \"${PODS_PODFILE_DIR_PATH}/Podfile.lock\" \"${PODS_ROOT}/Manifest.lock\" > /dev/null\nif [ $? != 0 ] ; then\n    # print error to STDERR\n    echo \"error: The sandbox is not in sync with the Podfile.lock. Run 'pod install' or update your CocoaPods installation.\" >&2\n    exit 1\nfi\n";
			showEnvVarsInLog = 0;
		};
		7B83F47764218EB2F8FB2602 /* [CP] Embed Pods Frameworks */ = {
			isa = PBXShellScriptBuildPhase;
			buildActionMask = 2147483647;
			files = (
			);
			inputPaths = (
			);
			name = "[CP] Embed Pods Frameworks";
			outputPaths = (
			);
			runOnlyForDeploymentPostprocessing = 0;
			shellPath = /bin/sh;
			shellScript = "\"${SRCROOT}/Pods/Target Support Files/Pods-RoomieTests/Pods-RoomieTests-frameworks.sh\"\n";
			showEnvVarsInLog = 0;
		};
		91416BDFE2F7B30D3014F7C2 /* [CP] Copy Pods Resources */ = {
			isa = PBXShellScriptBuildPhase;
			buildActionMask = 2147483647;
			files = (
			);
			inputPaths = (
			);
			name = "[CP] Copy Pods Resources";
			outputPaths = (
			);
			runOnlyForDeploymentPostprocessing = 0;
			shellPath = /bin/sh;
			shellScript = "\"${SRCROOT}/Pods/Target Support Files/Pods-RoomieTests/Pods-RoomieTests-resources.sh\"\n";
			showEnvVarsInLog = 0;
		};
		A4582B701712FBA4F65ED985 /* [CP] Check Pods Manifest.lock */ = {
			isa = PBXShellScriptBuildPhase;
			buildActionMask = 2147483647;
			files = (
			);
			inputPaths = (
			);
			name = "[CP] Check Pods Manifest.lock";
			outputPaths = (
			);
			runOnlyForDeploymentPostprocessing = 0;
			shellPath = /bin/sh;
			shellScript = "diff \"${PODS_PODFILE_DIR_PATH}/Podfile.lock\" \"${PODS_ROOT}/Manifest.lock\" > /dev/null\nif [ $? != 0 ] ; then\n    # print error to STDERR\n    echo \"error: The sandbox is not in sync with the Podfile.lock. Run 'pod install' or update your CocoaPods installation.\" >&2\n    exit 1\nfi\n";
			showEnvVarsInLog = 0;
		};
		B1BF91D1537395FFCA58010D /* [CP] Embed Pods Frameworks */ = {
			isa = PBXShellScriptBuildPhase;
			buildActionMask = 2147483647;
			files = (
			);
			inputPaths = (
			);
			name = "[CP] Embed Pods Frameworks";
			outputPaths = (
			);
			runOnlyForDeploymentPostprocessing = 0;
			shellPath = /bin/sh;
			shellScript = "\"${SRCROOT}/Pods/Target Support Files/Pods-Roomie/Pods-Roomie-frameworks.sh\"\n";
			showEnvVarsInLog = 0;
		};
		B39512C53F3D9ED6D0413C1E /* [CP] Check Pods Manifest.lock */ = {
			isa = PBXShellScriptBuildPhase;
			buildActionMask = 2147483647;
			files = (
			);
			inputPaths = (
			);
			name = "[CP] Check Pods Manifest.lock";
			outputPaths = (
			);
			runOnlyForDeploymentPostprocessing = 0;
			shellPath = /bin/sh;
			shellScript = "diff \"${PODS_PODFILE_DIR_PATH}/Podfile.lock\" \"${PODS_ROOT}/Manifest.lock\" > /dev/null\nif [ $? != 0 ] ; then\n    # print error to STDERR\n    echo \"error: The sandbox is not in sync with the Podfile.lock. Run 'pod install' or update your CocoaPods installation.\" >&2\n    exit 1\nfi\n";
			showEnvVarsInLog = 0;
		};
		BDC4590E5354EF0BE6F09D30 /* [CP] Copy Pods Resources */ = {
			isa = PBXShellScriptBuildPhase;
			buildActionMask = 2147483647;
			files = (
			);
			inputPaths = (
			);
			name = "[CP] Copy Pods Resources";
			outputPaths = (
			);
			runOnlyForDeploymentPostprocessing = 0;
			shellPath = /bin/sh;
			shellScript = "\"${SRCROOT}/Pods/Target Support Files/Pods-RoomieUITests/Pods-RoomieUITests-resources.sh\"\n";
			showEnvVarsInLog = 0;
		};
		E1D189E241A8C4EE64257ED2 /* [CP] Copy Pods Resources */ = {
			isa = PBXShellScriptBuildPhase;
			buildActionMask = 2147483647;
			files = (
			);
			inputPaths = (
			);
			name = "[CP] Copy Pods Resources";
			outputPaths = (
			);
			runOnlyForDeploymentPostprocessing = 0;
			shellPath = /bin/sh;
			shellScript = "\"${SRCROOT}/Pods/Target Support Files/Pods-Roomie/Pods-Roomie-resources.sh\"\n";
			showEnvVarsInLog = 0;
		};
		F3F798EA24B5787659801BDD /* [CP] Embed Pods Frameworks */ = {
			isa = PBXShellScriptBuildPhase;
			buildActionMask = 2147483647;
			files = (
			);
			inputPaths = (
			);
			name = "[CP] Embed Pods Frameworks";
			outputPaths = (
			);
			runOnlyForDeploymentPostprocessing = 0;
			shellPath = /bin/sh;
			shellScript = "\"${SRCROOT}/Pods/Target Support Files/Pods-RoomieUITests/Pods-RoomieUITests-frameworks.sh\"\n";
			showEnvVarsInLog = 0;
		};
/* End PBXShellScriptBuildPhase section */

/* Begin PBXSourcesBuildPhase section */
		93ACF7F01ECD8B620093432E /* Sources */ = {
			isa = PBXSourcesBuildPhase;
			buildActionMask = 2147483647;
			files = (
				5874B44F1EE622A000839090 /* GroceryListViewController.swift in Sources */,
				934094261ECE50FE00B06C9E /* RoommateViewController.swift in Sources */,
				A806E90E1EE50AA9005F0BCB /* FoldingCell.swift in Sources */,
				9DA96CF71EDD128D00CBFF21 /* UserListViewController.swift in Sources */,
				934094281ECE511800B06C9E /* GroceriesViewController.swift in Sources */,
				934094221ECE50CF00B06C9E /* ChoresViewController.swift in Sources */,
				93ACF7FA1ECD8B630093432E /* LoginViewController.swift in Sources */,
				A806E9101EE50AAF005F0BCB /* BillCell.swift in Sources */,
				934094241ECE50E400B06C9E /* BillsViewController.swift in Sources */,
				A80546DC1ED6A9B3005F3ACB /* User.swift in Sources */,
				93ACF7F81ECD8B620093432E /* AppDelegate.swift in Sources */,
				9D62A9081EE4C934008D4B42 /* Extension.swift in Sources */,
				93A3DEDB1EE3F67C00442894 /* RemindersViewController.swift in Sources */,
				9340942A1ECE512B00B06C9E /* ProfileViewController.swift in Sources */,
				A80546DE1ED6B61E005F3ACB /* SessionManager.swift in Sources */,
				93ACF8261ECD8C610093432E /* HomeViewController.swift in Sources */,
			);
			runOnlyForDeploymentPostprocessing = 0;
		};
		93ACF8041ECD8B630093432E /* Sources */ = {
			isa = PBXSourcesBuildPhase;
			buildActionMask = 2147483647;
			files = (
				93ACF80D1ECD8B630093432E /* RoomieTests.swift in Sources */,
			);
			runOnlyForDeploymentPostprocessing = 0;
		};
		93ACF80F1ECD8B630093432E /* Sources */ = {
			isa = PBXSourcesBuildPhase;
			buildActionMask = 2147483647;
			files = (
				93ACF8181ECD8B630093432E /* RoomieUITests.swift in Sources */,
			);
			runOnlyForDeploymentPostprocessing = 0;
		};
/* End PBXSourcesBuildPhase section */

/* Begin PBXTargetDependency section */
		93ACF80A1ECD8B630093432E /* PBXTargetDependency */ = {
			isa = PBXTargetDependency;
			target = 93ACF7F31ECD8B620093432E /* Roomie */;
			targetProxy = 93ACF8091ECD8B630093432E /* PBXContainerItemProxy */;
		};
		93ACF8151ECD8B630093432E /* PBXTargetDependency */ = {
			isa = PBXTargetDependency;
			target = 93ACF7F31ECD8B620093432E /* Roomie */;
			targetProxy = 93ACF8141ECD8B630093432E /* PBXContainerItemProxy */;
		};
/* End PBXTargetDependency section */

/* Begin PBXVariantGroup section */
		93ACF7FB1ECD8B630093432E /* Main.storyboard */ = {
			isa = PBXVariantGroup;
			children = (
				93ACF7FC1ECD8B630093432E /* Base */,
			);
			name = Main.storyboard;
			sourceTree = "<group>";
		};
		93ACF8001ECD8B630093432E /* LaunchScreen.storyboard */ = {
			isa = PBXVariantGroup;
			children = (
				93ACF8011ECD8B630093432E /* Base */,
			);
			name = LaunchScreen.storyboard;
			sourceTree = "<group>";
		};
/* End PBXVariantGroup section */

/* Begin XCBuildConfiguration section */
		93ACF81A1ECD8B630093432E /* Debug */ = {
			isa = XCBuildConfiguration;
			buildSettings = {
				ALWAYS_SEARCH_USER_PATHS = NO;
				CLANG_ANALYZER_NONNULL = YES;
				CLANG_ANALYZER_NUMBER_OBJECT_CONVERSION = YES_AGGRESSIVE;
				CLANG_CXX_LANGUAGE_STANDARD = "gnu++0x";
				CLANG_CXX_LIBRARY = "libc++";
				CLANG_ENABLE_MODULES = YES;
				CLANG_ENABLE_OBJC_ARC = YES;
				CLANG_WARN_BOOL_CONVERSION = YES;
				CLANG_WARN_CONSTANT_CONVERSION = YES;
				CLANG_WARN_DIRECT_OBJC_ISA_USAGE = YES_ERROR;
				CLANG_WARN_DOCUMENTATION_COMMENTS = YES;
				CLANG_WARN_EMPTY_BODY = YES;
				CLANG_WARN_ENUM_CONVERSION = YES;
				CLANG_WARN_INFINITE_RECURSION = YES;
				CLANG_WARN_INT_CONVERSION = YES;
				CLANG_WARN_OBJC_ROOT_CLASS = YES_ERROR;
				CLANG_WARN_SUSPICIOUS_MOVE = YES;
				CLANG_WARN_UNREACHABLE_CODE = YES;
				CLANG_WARN__DUPLICATE_METHOD_MATCH = YES;
				"CODE_SIGN_IDENTITY[sdk=iphoneos*]" = "iPhone Developer";
				COPY_PHASE_STRIP = NO;
				DEBUG_INFORMATION_FORMAT = dwarf;
				ENABLE_STRICT_OBJC_MSGSEND = YES;
				ENABLE_TESTABILITY = YES;
				GCC_C_LANGUAGE_STANDARD = gnu99;
				GCC_DYNAMIC_NO_PIC = NO;
				GCC_NO_COMMON_BLOCKS = YES;
				GCC_OPTIMIZATION_LEVEL = 0;
				GCC_PREPROCESSOR_DEFINITIONS = (
					"DEBUG=1",
					"$(inherited)",
				);
				GCC_WARN_64_TO_32_BIT_CONVERSION = YES;
				GCC_WARN_ABOUT_RETURN_TYPE = YES_ERROR;
				GCC_WARN_UNDECLARED_SELECTOR = YES;
				GCC_WARN_UNINITIALIZED_AUTOS = YES_AGGRESSIVE;
				GCC_WARN_UNUSED_FUNCTION = YES;
				GCC_WARN_UNUSED_VARIABLE = YES;
				IPHONEOS_DEPLOYMENT_TARGET = 9.0;
				MTL_ENABLE_DEBUG_INFO = YES;
				ONLY_ACTIVE_ARCH = YES;
				SDKROOT = iphoneos;
				SWIFT_ACTIVE_COMPILATION_CONDITIONS = DEBUG;
				SWIFT_OPTIMIZATION_LEVEL = "-Onone";
			};
			name = Debug;
		};
		93ACF81B1ECD8B630093432E /* Release */ = {
			isa = XCBuildConfiguration;
			buildSettings = {
				ALWAYS_SEARCH_USER_PATHS = NO;
				CLANG_ANALYZER_NONNULL = YES;
				CLANG_ANALYZER_NUMBER_OBJECT_CONVERSION = YES_AGGRESSIVE;
				CLANG_CXX_LANGUAGE_STANDARD = "gnu++0x";
				CLANG_CXX_LIBRARY = "libc++";
				CLANG_ENABLE_MODULES = YES;
				CLANG_ENABLE_OBJC_ARC = YES;
				CLANG_WARN_BOOL_CONVERSION = YES;
				CLANG_WARN_CONSTANT_CONVERSION = YES;
				CLANG_WARN_DIRECT_OBJC_ISA_USAGE = YES_ERROR;
				CLANG_WARN_DOCUMENTATION_COMMENTS = YES;
				CLANG_WARN_EMPTY_BODY = YES;
				CLANG_WARN_ENUM_CONVERSION = YES;
				CLANG_WARN_INFINITE_RECURSION = YES;
				CLANG_WARN_INT_CONVERSION = YES;
				CLANG_WARN_OBJC_ROOT_CLASS = YES_ERROR;
				CLANG_WARN_SUSPICIOUS_MOVE = YES;
				CLANG_WARN_UNREACHABLE_CODE = YES;
				CLANG_WARN__DUPLICATE_METHOD_MATCH = YES;
				"CODE_SIGN_IDENTITY[sdk=iphoneos*]" = "iPhone Developer";
				COPY_PHASE_STRIP = NO;
				DEBUG_INFORMATION_FORMAT = "dwarf-with-dsym";
				ENABLE_NS_ASSERTIONS = NO;
				ENABLE_STRICT_OBJC_MSGSEND = YES;
				GCC_C_LANGUAGE_STANDARD = gnu99;
				GCC_NO_COMMON_BLOCKS = YES;
				GCC_WARN_64_TO_32_BIT_CONVERSION = YES;
				GCC_WARN_ABOUT_RETURN_TYPE = YES_ERROR;
				GCC_WARN_UNDECLARED_SELECTOR = YES;
				GCC_WARN_UNINITIALIZED_AUTOS = YES_AGGRESSIVE;
				GCC_WARN_UNUSED_FUNCTION = YES;
				GCC_WARN_UNUSED_VARIABLE = YES;
				IPHONEOS_DEPLOYMENT_TARGET = 9.0;
				MTL_ENABLE_DEBUG_INFO = NO;
				SDKROOT = iphoneos;
				SWIFT_OPTIMIZATION_LEVEL = "-Owholemodule";
				VALIDATE_PRODUCT = YES;
			};
			name = Release;
		};
		93ACF81D1ECD8B630093432E /* Debug */ = {
			isa = XCBuildConfiguration;
			baseConfigurationReference = BA0686BF95471186BCCFD829 /* Pods-Roomie.debug.xcconfig */;
			buildSettings = {
				ASSETCATALOG_COMPILER_APPICON_NAME = AppIcon;
				"CODE_SIGN_IDENTITY[sdk=iphoneos*]" = "iPhone Developer";
				DEVELOPMENT_TEAM = "";
				INFOPLIST_FILE = Roomie/Info.plist;
				IPHONEOS_DEPLOYMENT_TARGET = 9.0;
				LD_RUNPATH_SEARCH_PATHS = "$(inherited) @executable_path/Frameworks";
				PRODUCT_BUNDLE_IDENTIFIER = Drammeh.Roomie;
				PRODUCT_NAME = "$(TARGET_NAME)";
				PROVISIONING_PROFILE_SPECIFIER = "";
				SWIFT_VERSION = 3.0;
			};
			name = Debug;
		};
		93ACF81E1ECD8B630093432E /* Release */ = {
			isa = XCBuildConfiguration;
			baseConfigurationReference = D0E641EA4098923808B7D9D2 /* Pods-Roomie.release.xcconfig */;
			buildSettings = {
				ASSETCATALOG_COMPILER_APPICON_NAME = AppIcon;
				"CODE_SIGN_IDENTITY[sdk=iphoneos*]" = "iPhone Developer";
				DEVELOPMENT_TEAM = "";
				INFOPLIST_FILE = Roomie/Info.plist;
				IPHONEOS_DEPLOYMENT_TARGET = 9.0;
				LD_RUNPATH_SEARCH_PATHS = "$(inherited) @executable_path/Frameworks";
				PRODUCT_BUNDLE_IDENTIFIER = Drammeh.Roomie;
				PRODUCT_NAME = "$(TARGET_NAME)";
				PROVISIONING_PROFILE_SPECIFIER = "";
				SWIFT_VERSION = 3.0;
			};
			name = Release;
		};
		93ACF8201ECD8B630093432E /* Debug */ = {
			isa = XCBuildConfiguration;
			baseConfigurationReference = C92B1E966725277B8749F7F1 /* Pods-RoomieTests.debug.xcconfig */;
			buildSettings = {
				ALWAYS_EMBED_SWIFT_STANDARD_LIBRARIES = YES;
				BUNDLE_LOADER = "$(TEST_HOST)";
				DEVELOPMENT_TEAM = 74EN4ZDAGB;
				INFOPLIST_FILE = RoomieTests/Info.plist;
				LD_RUNPATH_SEARCH_PATHS = "$(inherited) @executable_path/Frameworks @loader_path/Frameworks";
				PRODUCT_BUNDLE_IDENTIFIER = Drammeh.RoomieTests;
				PRODUCT_NAME = "$(TARGET_NAME)";
				SWIFT_VERSION = 3.0;
				TEST_HOST = "$(BUILT_PRODUCTS_DIR)/Roomie.app/Roomie";
			};
			name = Debug;
		};
		93ACF8211ECD8B630093432E /* Release */ = {
			isa = XCBuildConfiguration;
			baseConfigurationReference = 2DCB0DD97E59CE7749FECF4C /* Pods-RoomieTests.release.xcconfig */;
			buildSettings = {
				ALWAYS_EMBED_SWIFT_STANDARD_LIBRARIES = YES;
				BUNDLE_LOADER = "$(TEST_HOST)";
				DEVELOPMENT_TEAM = 74EN4ZDAGB;
				INFOPLIST_FILE = RoomieTests/Info.plist;
				LD_RUNPATH_SEARCH_PATHS = "$(inherited) @executable_path/Frameworks @loader_path/Frameworks";
				PRODUCT_BUNDLE_IDENTIFIER = Drammeh.RoomieTests;
				PRODUCT_NAME = "$(TARGET_NAME)";
				SWIFT_VERSION = 3.0;
				TEST_HOST = "$(BUILT_PRODUCTS_DIR)/Roomie.app/Roomie";
			};
			name = Release;
		};
		93ACF8231ECD8B630093432E /* Debug */ = {
			isa = XCBuildConfiguration;
			baseConfigurationReference = CB25621706E8A8C3672BD8A0 /* Pods-RoomieUITests.debug.xcconfig */;
			buildSettings = {
				ALWAYS_EMBED_SWIFT_STANDARD_LIBRARIES = YES;
				DEVELOPMENT_TEAM = 74EN4ZDAGB;
				INFOPLIST_FILE = RoomieUITests/Info.plist;
				LD_RUNPATH_SEARCH_PATHS = "$(inherited) @executable_path/Frameworks @loader_path/Frameworks";
				PRODUCT_BUNDLE_IDENTIFIER = Drammeh.RoomieUITests;
				PRODUCT_NAME = "$(TARGET_NAME)";
				SWIFT_VERSION = 3.0;
				TEST_TARGET_NAME = Roomie;
			};
			name = Debug;
		};
		93ACF8241ECD8B630093432E /* Release */ = {
			isa = XCBuildConfiguration;
			baseConfigurationReference = 599EC895CDDE8AB8DA13DDF8 /* Pods-RoomieUITests.release.xcconfig */;
			buildSettings = {
				ALWAYS_EMBED_SWIFT_STANDARD_LIBRARIES = YES;
				DEVELOPMENT_TEAM = 74EN4ZDAGB;
				INFOPLIST_FILE = RoomieUITests/Info.plist;
				LD_RUNPATH_SEARCH_PATHS = "$(inherited) @executable_path/Frameworks @loader_path/Frameworks";
				PRODUCT_BUNDLE_IDENTIFIER = Drammeh.RoomieUITests;
				PRODUCT_NAME = "$(TARGET_NAME)";
				SWIFT_VERSION = 3.0;
				TEST_TARGET_NAME = Roomie;
			};
			name = Release;
		};
/* End XCBuildConfiguration section */

/* Begin XCConfigurationList section */
		93ACF7EF1ECD8B620093432E /* Build configuration list for PBXProject "Roomie" */ = {
			isa = XCConfigurationList;
			buildConfigurations = (
				93ACF81A1ECD8B630093432E /* Debug */,
				93ACF81B1ECD8B630093432E /* Release */,
			);
			defaultConfigurationIsVisible = 0;
			defaultConfigurationName = Release;
		};
		93ACF81C1ECD8B630093432E /* Build configuration list for PBXNativeTarget "Roomie" */ = {
			isa = XCConfigurationList;
			buildConfigurations = (
				93ACF81D1ECD8B630093432E /* Debug */,
				93ACF81E1ECD8B630093432E /* Release */,
			);
			defaultConfigurationIsVisible = 0;
			defaultConfigurationName = Release;
		};
		93ACF81F1ECD8B630093432E /* Build configuration list for PBXNativeTarget "RoomieTests" */ = {
			isa = XCConfigurationList;
			buildConfigurations = (
				93ACF8201ECD8B630093432E /* Debug */,
				93ACF8211ECD8B630093432E /* Release */,
			);
			defaultConfigurationIsVisible = 0;
			defaultConfigurationName = Release;
		};
		93ACF8221ECD8B630093432E /* Build configuration list for PBXNativeTarget "RoomieUITests" */ = {
			isa = XCConfigurationList;
			buildConfigurations = (
				93ACF8231ECD8B630093432E /* Debug */,
				93ACF8241ECD8B630093432E /* Release */,
			);
			defaultConfigurationIsVisible = 0;
			defaultConfigurationName = Release;
		};
/* End XCConfigurationList section */
	};
	rootObject = 93ACF7EC1ECD8B620093432E /* Project object */;
}
